
Microsoft Visual Studio Solution File, Format Version 12.00
# Visual Studio Version 17
VisualStudioVersion = 17.5.33530.505
MinimumVisualStudioVersion = 10.0.40219.1
Project("{9A19103F-16F7-4668-BE54-9A1E7A4F7556}") = "WebApp1", "WebApp1\WebApp1.csproj", "{B133405D-7468-4F8B-A2A9-0FAD55BE41E4}"
EndProject
Project("{FAE04EC0-301F-11D3-BF4B-00C04F79EFBC}") = "WebApp2", "WebApp2\WebApp2.csproj", "{C25A1368-EBF2-4997-A682-A0C7D766C720}"
EndProject
Global
	GlobalSection(SolutionConfigurationPlatforms) = preSolution
		Debug|Any CPU = Debug|Any CPU
		Release|Any CPU = Release|Any CPU
	EndGlobalSection
	GlobalSection(ProjectConfigurationPlatforms) = postSolution
		{B133405D-7468-4F8B-A2A9-0FAD55BE41E4}.Debug|Any CPU.ActiveCfg = Debug|Any CPU
		{B133405D-7468-4F8B-A2A9-0FAD55BE41E4}.Debug|Any CPU.Build.0 = Debug|Any CPU
		{B133405D-7468-4F8B-A2A9-0FAD55BE41E4}.Release|Any CPU.ActiveCfg = Release|Any CPU
		{B133405D-7468-4F8B-A2A9-0FAD55BE41E4}.Release|Any CPU.Build.0 = Release|Any CPU
		{C25A1368-EBF2-4997-A682-A0C7D766C720}.Debug|Any CPU.ActiveCfg = Debug|Any CPU
		{C25A1368-EBF2-4997-A682-A0C7D766C720}.Debug|Any CPU.Build.0 = Debug|Any CPU
		{C25A1368-EBF2-4997-A682-A0C7D766C720}.Release|Any CPU.ActiveCfg = Release|Any CPU
		{C25A1368-EBF2-4997-A682-A0C7D766C720}.Release|Any CPU.Build.0 = Release|Any CPU
	EndGlobalSection
	GlobalSection(SolutionProperties) = preSolution
		HideSolutionNode = FALSE
	EndGlobalSection
	GlobalSection(ExtensibilityGlobals) = postSolution
		SolutionGuid = {860A0DB6-B288-4C98-A4C0-56045B5BFC6B}
	EndGlobalSection
EndGlobal
